
Microsoft Visual Studio Solution File, Format Version 12.00
# Visual Studio 15
VisualStudioVersion = 15.0.26730.8
MinimumVisualStudioVersion = 10.0.40219.1
Project("{FAE04EC0-301F-11D3-BF4B-00C04F79EFBC}") = "PreviewHandlerEditor", "PreviewHandlerEditor.csproj", "{9EC11F29-0CD2-43D1-B17C-BFE29133F87D}"
EndProject
Project("{FAE04EC0-301F-11D3-BF4B-00C04F79EFBC}") = "PHE2", "..\PHE2\PHE2.csproj", "{BF66793F-FC17-4496-9793-E712A1571535}"
EndProject
Global
	GlobalSection(SolutionConfigurationPlatforms) = preSolution
		Debug|Any CPU = Debug|Any CPU
		Release|Any CPU = Release|Any CPU
	EndGlobalSection
	GlobalSection(ProjectConfigurationPlatforms) = postSolution
		{9EC11F29-0CD2-43D1-B17C-BFE29133F87D}.Debug|Any CPU.ActiveCfg = Debug|Any CPU
		{9EC11F29-0CD2-43D1-B17C-BFE29133F87D}.Debug|Any CPU.Build.0 = Debug|Any CPU
		{9EC11F29-0CD2-43D1-B17C-BFE29133F87D}.Release|Any CPU.ActiveCfg = Release|Any CPU
		{9EC11F29-0CD2-43D1-B17C-BFE29133F87D}.Release|Any CPU.Build.0 = Release|Any CPU
		{BF66793F-FC17-4496-9793-E712A1571535}.Debug|Any CPU.ActiveCfg = Debug|Any CPU
		{BF66793F-FC17-4496-9793-E712A1571535}.Debug|Any CPU.Build.0 = Debug|Any CPU
		{BF66793F-FC17-4496-9793-E712A1571535}.Release|Any CPU.ActiveCfg = Release|Any CPU
		{BF66793F-FC17-4496-9793-E712A1571535}.Release|Any CPU.Build.0 = Release|Any CPU
	EndGlobalSection
	GlobalSection(SolutionProperties) = preSolution
		HideSolutionNode = FALSE
	EndGlobalSection
	GlobalSection(ExtensibilityGlobals) = postSolution
		SolutionGuid = {0342EB78-745E-473A-95AF-5529036B0B85}
	EndGlobalSection
EndGlobal
